
Microsoft Visual Studio Solution File, Format Version 12.00
# Visual Studio Version 16
VisualStudioVersion = 16.0.31313.79
MinimumVisualStudioVersion = 10.0.40219.1
Project("{FAE04EC0-301F-11D3-BF4B-00C04F79EFBC}") = "SnakeLadderProgram", "SnakeLadderProgram\SnakeLadderProgram.csproj", "{206DA122-067C-4EA5-965A-D2DC10EDEFA4}"
EndProject
Global
	GlobalSection(SolutionConfigurationPlatforms) = preSolution
		Debug|Any CPU = Debug|Any CPU
		Release|Any CPU = Release|Any CPU
	EndGlobalSection
	GlobalSection(ProjectConfigurationPlatforms) = postSolution
		{206DA122-067C-4EA5-965A-D2DC10EDEFA4}.Debug|Any CPU.ActiveCfg = Debug|Any CPU
		{206DA122-067C-4EA5-965A-D2DC10EDEFA4}.Debug|Any CPU.Build.0 = Debug|Any CPU
		{206DA122-067C-4EA5-965A-D2DC10EDEFA4}.Release|Any CPU.ActiveCfg = Release|Any CPU
		{206DA122-067C-4EA5-965A-D2DC10EDEFA4}.Release|Any CPU.Build.0 = Release|Any CPU
	EndGlobalSection
	GlobalSection(SolutionProperties) = preSolution
		HideSolutionNode = FALSE
	EndGlobalSection
	GlobalSection(ExtensibilityGlobals) = postSolution
		SolutionGuid = {BB7BC6C4-EA78-4EF5-A232-0AC7975BF579}
	EndGlobalSection
EndGlobal
